// !$*UTF8*$!
{
	archiveVersion = 1;
	classes = {
	};
	objectVersion = 50;
	objects = {

/* Begin PBXBuildFile section */
		61474DEE2696847200E89E51 /* SmartHomeApp.swift in Sources */ = {isa = PBXBuildFile; fileRef = 61474DED2696847200E89E51 /* SmartHomeApp.swift */; };
		61474DF02696847200E89E51 /* ContentView.swift in Sources */ = {isa = PBXBuildFile; fileRef = 61474DEF2696847200E89E51 /* ContentView.swift */; };
		61474DF22696847500E89E51 /* Assets.xcassets in Resources */ = {isa = PBXBuildFile; fileRef = 61474DF12696847500E89E51 /* Assets.xcassets */; };
		61474DF52696847500E89E51 /* Preview Assets.xcassets in Resources */ = {isa = PBXBuildFile; fileRef = 61474DF42696847500E89E51 /* Preview Assets.xcassets */; };
		617AF15D26D7D28E0004B568 /* divicesDiningroom.swift in Sources */ = {isa = PBXBuildFile; fileRef = 617AF15C26D7D28E0004B568 /* divicesDiningroom.swift */; };
		617AF16126D7F2E90004B568 /* divicesKitchen.swift in Sources */ = {isa = PBXBuildFile; fileRef = 617AF16026D7F2E90004B568 /* divicesKitchen.swift */; };
		617AF16426D7F4630004B568 /* divicesBedroom.swift in Sources */ = {isa = PBXBuildFile; fileRef = 617AF16326D7F4630004B568 /* divicesBedroom.swift */; };
		617AF16726D7F5280004B568 /* divicesLivingroom.swift in Sources */ = {isa = PBXBuildFile; fileRef = 617AF16626D7F5280004B568 /* divicesLivingroom.swift */; };
/* End PBXBuildFile section */

/* Begin PBXFileReference section */
		61474DEA2696847200E89E51 /* SmartHome.app */ = {isa = PBXFileReference; explicitFileType = wrapper.application; includeInIndex = 0; path = SmartHome.app; sourceTree = BUILT_PRODUCTS_DIR; };
		61474DED2696847200E89E51 /* SmartHomeApp.swift */ = {isa = PBXFileReference; lastKnownFileType = sourcecode.swift; path = SmartHomeApp.swift; sourceTree = "<group>"; };
		61474DEF2696847200E89E51 /* ContentView.swift */ = {isa = PBXFileReference; lastKnownFileType = sourcecode.swift; path = ContentView.swift; sourceTree = "<group>"; };
		61474DF12696847500E89E51 /* Assets.xcassets */ = {isa = PBXFileReference; lastKnownFileType = folder.assetcatalog; path = Assets.xcassets; sourceTree = "<group>"; };
		61474DF42696847500E89E51 /* Preview Assets.xcassets */ = {isa = PBXFileReference; lastKnownFileType = folder.assetcatalog; path = "Preview Assets.xcassets"; sourceTree = "<group>"; };
		61474DF62696847500E89E51 /* Info.plist */ = {isa = PBXFileReference; lastKnownFileType = text.plist.xml; path = Info.plist; sourceTree = "<group>"; };
		617AF15C26D7D28E0004B568 /* divicesDiningroom.swift */ = {isa = PBXFileReference; lastKnownFileType = sourcecode.swift; path = divicesDiningroom.swift; sourceTree = "<group>"; };
		617AF16026D7F2E90004B568 /* divicesKitchen.swift */ = {isa = PBXFileReference; lastKnownFileType = sourcecode.swift; path = divicesKitchen.swift; sourceTree = "<group>"; };
		617AF16326D7F4630004B568 /* divicesBedroom.swift */ = {isa = PBXFileReference; lastKnownFileType = sourcecode.swift; path = divicesBedroom.swift; sourceTree = "<group>"; };
		617AF16626D7F5280004B568 /* divicesLivingroom.swift */ = {isa = PBXFileReference; lastKnownFileType = sourcecode.swift; path = divicesLivingroom.swift; sourceTree = "<group>"; };
/* End PBXFileReference section */

/* Begin PBXFrameworksBuildPhase section */
		61474DE72696847200E89E51 /* Frameworks */ = {
			isa = PBXFrameworksBuildPhase;
			buildActionMask = 2147483647;
			files = (
			);
			runOnlyForDeploymentPostprocessing = 0;
		};
/* End PBXFrameworksBuildPhase section */

/* Begin PBXGroup section */
		61474DE12696847200E89E51 = {
			isa = PBXGroup;
			children = (
				61474DEC2696847200E89E51 /* SmartHome */,
				61474DEB2696847200E89E51 /* Products */,
			);
			sourceTree = "<group>";
		};
		61474DEB2696847200E89E51 /* Products */ = {
			isa = PBXGroup;
			children = (
				61474DEA2696847200E89E51 /* SmartHome.app */,
			);
			name = Products;
			sourceTree = "<group>";
		};
		61474DEC2696847200E89E51 /* SmartHome */ = {
			isa = PBXGroup;
			children = (
				61474DED2696847200E89E51 /* SmartHomeApp.swift */,
				61474DEF2696847200E89E51 /* ContentView.swift */,
				617AF15C26D7D28E0004B568 /* divicesDiningroom.swift */,
				617AF16626D7F5280004B568 /* divicesLivingroom.swift */,
				617AF16326D7F4630004B568 /* divicesBedroom.swift */,
				617AF16026D7F2E90004B568 /* divicesKitchen.swift */,
				61474DF12696847500E89E51 /* Assets.xcassets */,
				61474DF62696847500E89E51 /* Info.plist */,
				61474DF32696847500E89E51 /* Preview Content */,
			);
			path = SmartHome;
			sourceTree = "<group>";
		};
		61474DF32696847500E89E51 /* Preview Content */ = {
			isa = PBXGroup;
			children = (
				61474DF42696847500E89E51 /* Preview Assets.xcassets */,
			);
			path = "Preview Content";
			sourceTree = "<group>";
		};
/* End PBXGroup section */

/* Begin PBXNativeTarget section */
		61474DE92696847200E89E51 /* SmartHome */ = {
			isa = PBXNativeTarget;
			buildConfigurationList = 61474DF92696847500E89E51 /* Build configuration list for PBXNativeTarget "SmartHome" */;
			buildPhases = (
				61474DE62696847200E89E51 /* Sources */,
				61474DE72696847200E89E51 /* Frameworks */,
				61474DE82696847200E89E51 /* Resources */,
			);
			buildRules = (
			);
			dependencies = (
			);
			name = SmartHome;
			productName = SmartHome;
			productReference = 61474DEA2696847200E89E51 /* SmartHome.app */;
			productType = "com.apple.product-type.application";
		};
/* End PBXNativeTarget section */

/* Begin PBXProject section */
		61474DE22696847200E89E51 /* Project object */ = {
			isa = PBXProject;
			attributes = {
				LastSwiftUpdateCheck = 1240;
				LastUpgradeCheck = 1240;
				TargetAttributes = {
					61474DE92696847200E89E51 = {
						CreatedOnToolsVersion = 12.4;
					};
				};
			};
			buildConfigurationList = 61474DE52696847200E89E51 /* Build configuration list for PBXProject "SmartHome" */;
			compatibilityVersion = "Xcode 9.3";
			developmentRegion = en;
			hasScannedForEncodings = 0;
			knownRegions = (
				en,
				Base,
			);
			mainGroup = 61474DE12696847200E89E51;
			productRefGroup = 61474DEB2696847200E89E51 /* Products */;
			projectDirPath = "";
			projectRoot = "";
			targets = (
				61474DE92696847200E89E51 /* SmartHome */,
			);
		};
/* End PBXProject section */

/* Begin PBXResourcesBuildPhase section */
		61474DE82696847200E89E51 /* Resources */ = {
			isa = PBXResourcesBuildPhase;
			buildActionMask = 2147483647;
			files = (
				61474DF52696847500E89E51 /* Preview Assets.xcassets in Resources */,
				61474DF22696847500E89E51 /* Assets.xcassets in Resources */,
			);
			runOnlyForDeploymentPostprocessing = 0;
		};
/* End PBXResourcesBuildPhase section */

/* Begin PBXSourcesBuildPhase section */
		61474DE62696847200E89E51 /* Sources */ = {
			isa = PBXSourcesBuildPhase;
			buildActionMask = 2147483647;
			files = (
				617AF16126D7F2E90004B568 /* divicesKitchen.swift in Sources */,
				617AF16726D7F5280004B568 /* divicesLivingroom.swift in Sources */,
				61474DF02696847200E89E51 /* ContentView.swift in Sources */,
				61474DEE2696847200E89E51 /* SmartHomeApp.swift in Sources */,
				617AF16426D7F4630004B568 /* divicesBedroom.swift in Sources */,
				617AF15D26D7D28E0004B568 /* divicesDiningroom.swift in Sources */,
			);
			runOnlyForDeploymentPostprocessing = 0;
		};
/* End PBXSourcesBuildPhase section */

/* Begin XCBuildConfiguration section */
		61474DF72696847500E89E51 /* Debug */ = {
			isa = XCBuildConfiguration;
			buildSettings = {
				ALWAYS_SEARCH_USER_PATHS = NO;
				CLANG_ANALYZER_NONNULL = YES;
				CLANG_ANALYZER_NUMBER_OBJECT_CONVERSION = YES_AGGRESSIVE;
				CLANG_CXX_LANGUAGE_STANDARD = "gnu++14";
				CLANG_CXX_LIBRARY = "libc++";
				CLANG_ENABLE_MODULES = YES;
				CLANG_ENABLE_OBJC_ARC = YES;
				CLANG_ENABLE_OBJC_WEAK = YES;
				CLANG_WARN_BLOCK_CAPTURE_AUTORELEASING = YES;
				CLANG_WARN_BOOL_CONVERSION = YES;
				CLANG_WARN_COMMA = YES;
				CLANG_WARN_CONSTANT_CONVERSION = YES;
				CLANG_WARN_DEPRECATED_OBJC_IMPLEMENTATIONS = YES;
				CLANG_WARN_DIRECT_OBJC_ISA_USAGE = YES_ERROR;
				CLANG_WARN_DOCUMENTATION_COMMENTS = YES;
				CLANG_WARN_EMPTY_BODY = YES;
				CLANG_WARN_ENUM_CONVERSION = YES;
				CLANG_WARN_INFINITE_RECURSION = YES;
				CLANG_WARN_INT_CONVERSION = YES;
				CLANG_WARN_NON_LITERAL_NULL_CONVERSION = YES;
				CLANG_WARN_OBJC_IMPLICIT_RETAIN_SELF = YES;
				CLANG_WARN_OBJC_LITERAL_CONVERSION = YES;
				CLANG_WARN_OBJC_ROOT_CLASS = YES_ERROR;
				CLANG_WARN_QUOTED_INCLUDE_IN_FRAMEWORK_HEADER = YES;
				CLANG_WARN_RANGE_LOOP_ANALYSIS = YES;
				CLANG_WARN_STRICT_PROTOTYPES = YES;
				CLANG_WARN_SUSPICIOUS_MOVE = YES;
				CLANG_WARN_UNGUARDED_AVAILABILITY = YES_AGGRESSIVE;
				CLANG_WARN_UNREACHABLE_CODE = YES;
				CLANG_WARN__DUPLICATE_METHOD_MATCH = YES;
				COPY_PHASE_STRIP = NO;
				DEBUG_INFORMATION_FORMAT = dwarf;
				ENABLE_STRICT_OBJC_MSGSEND = YES;
				ENABLE_TESTABILITY = YES;
				GCC_C_LANGUAGE_STANDARD = gnu11;
				GCC_DYNAMIC_NO_PIC = NO;
				GCC_NO_COMMON_BLOCKS = YES;
				GCC_OPTIMIZATION_LEVEL = 0;
				GCC_PREPROCESSOR_DEFINITIONS = (
					"DEBUG=1",
					"$(inherited)",
				);
				GCC_WARN_64_TO_32_BIT_CONVERSION = YES;
				GCC_WARN_ABOUT_RETURN_TYPE = YES_ERROR;
				GCC_WARN_UNDECLARED_SELECTOR = YES;
				GCC_WARN_UNINITIALIZED_AUTOS = YES_AGGRESSIVE;
				GCC_WARN_UNUSED_FUNCTION = YES;
				GCC_WARN_UNUSED_VARIABLE = YES;
				IPHONEOS_DEPLOYMENT_TARGET = 14.4;
				MTL_ENABLE_DEBUG_INFO = INCLUDE_SOURCE;
				MTL_FAST_MATH = YES;
				ONLY_ACTIVE_ARCH = YES;
				SDKROOT = iphoneos;
				SWIFT_ACTIVE_COMPILATION_CONDITIONS = DEBUG;
				SWIFT_OPTIMIZATION_LEVEL = "-Onone";
			};
			name = Debug;
		};
		61474DF82696847500E89E51 /* Release */ = {
			isa = XCBuildConfiguration;
			buildSettings = {
				ALWAYS_SEARCH_USER_PATHS = NO;
				CLANG_ANALYZER_NONNULL = YES;
				CLANG_ANALYZER_NUMBER_OBJECT_CONVERSION = YES_AGGRESSIVE;
				CLANG_CXX_LANGUAGE_STANDARD = "gnu++14";
				CLANG_CXX_LIBRARY = "libc++";
				CLANG_ENABLE_MODULES = YES;
				CLANG_ENABLE_OBJC_ARC = YES;
				CLANG_ENABLE_OBJC_WEAK = YES;
				CLANG_WARN_BLOCK_CAPTURE_AUTORELEASING = YES;
				CLANG_WARN_BOOL_CONVERSION = YES;
				CLANG_WARN_COMMA = YES;
				CLANG_WARN_CONSTANT_CONVERSION = YES;
				CLANG_WARN_DEPRECATED_OBJC_IMPLEMENTATIONS = YES;
				CLANG_WARN_DIRECT_OBJC_ISA_USAGE = YES_ERROR;
				CLANG_WARN_DOCUMENTATION_COMMENTS = YES;
				CLANG_WARN_EMPTY_BODY = YES;
				CLANG_WARN_ENUM_CONVERSION = YES;
				CLANG_WARN_INFINITE_RECURSION = YES;
				CLANG_WARN_INT_CONVERSION = YES;
				CLANG_WARN_NON_LITERAL_NULL_CONVERSION = YES;
				CLANG_WARN_OBJC_IMPLICIT_RETAIN_SELF = YES;
				CLANG_WARN_OBJC_LITERAL_CONVERSION = YES;
				CLANG_WARN_OBJC_ROOT_CLASS = YES_ERROR;
				CLANG_WARN_QUOTED_INCLUDE_IN_FRAMEWORK_HEADER = YES;
				CLANG_WARN_RANGE_LOOP_ANALYSIS = YES;
				CLANG_WARN_STRICT_PROTOTYPES = YES;
				CLANG_WARN_SUSPICIOUS_MOVE = YES;
				CLANG_WARN_UNGUARDED_AVAILABILITY = YES_AGGRESSIVE;
				CLANG_WARN_UNREACHABLE_CODE = YES;
				CLANG_WARN__DUPLICATE_METHOD_MATCH = YES;
				COPY_PHASE_STRIP = NO;
				DEBUG_INFORMATION_FORMAT = "dwarf-with-dsym";
				ENABLE_NS_ASSERTIONS = NO;
				ENABLE_STRICT_OBJC_MSGSEND = YES;
				GCC_C_LANGUAGE_STANDARD = gnu11;
				GCC_NO_COMMON_BLOCKS = YES;
				GCC_WARN_64_TO_32_BIT_CONVERSION = YES;
				GCC_WARN_ABOUT_RETURN_TYPE = YES_ERROR;
				GCC_WARN_UNDECLARED_SELECTOR = YES;
				GCC_WARN_UNINITIALIZED_AUTOS = YES_AGGRESSIVE;
				GCC_WARN_UNUSED_FUNCTION = YES;
				GCC_WARN_UNUSED_VARIABLE = YES;
				IPHONEOS_DEPLOYMENT_TARGET = 14.4;
				MTL_ENABLE_DEBUG_INFO = NO;
				MTL_FAST_MATH = YES;
				SDKROOT = iphoneos;
				SWIFT_COMPILATION_MODE = wholemodule;
				SWIFT_OPTIMIZATION_LEVEL = "-O";
				VALIDATE_PRODUCT = YES;
			};
			name = Release;
		};
		61474DFA2696847500E89E51 /* Debug */ = {
			isa = XCBuildConfiguration;
			buildSettings = {
				ASSETCATALOG_COMPILER_APPICON_NAME = AppIcon;
				ASSETCATALOG_COMPILER_GLOBAL_ACCENT_COLOR_NAME = AccentColor;
				CODE_SIGN_STYLE = Automatic;
				DEVELOPMENT_ASSET_PATHS = "\"SmartHome/Preview Content\"";
				DEVELOPMENT_TEAM = 4PL6HSR297;
				ENABLE_PREVIEWS = YES;
				INFOPLIST_FILE = SmartHome/Info.plist;
				IPHONEOS_DEPLOYMENT_TARGET = 14.0;
				LD_RUNPATH_SEARCH_PATHS = (
					"$(inherited)",
					"@executable_path/Frameworks",
				);
				PRODUCT_BUNDLE_IDENTIFIER = com.cisnenegro.SmartHome;
				PRODUCT_NAME = "$(TARGET_NAME)";
				SWIFT_VERSION = 5.0;
				TARGETED_DEVICE_FAMILY = "1,2";
			};
			name = Debug;
		};
		61474DFB2696847500E89E51 /* Release */ = {
			isa = XCBuildConfiguration;
			buildSettings = {
				ASSETCATALOG_COMPILER_APPICON_NAME = AppIcon;
				ASSETCATALOG_COMPILER_GLOBAL_ACCENT_COLOR_NAME = AccentColor;
				CODE_SIGN_STYLE = Automatic;
				DEVELOPMENT_ASSET_PATHS = "\"SmartHome/Preview Content\"";
				DEVELOPMENT_TEAM = 4PL6HSR297;
				ENABLE_PREVIEWS = YES;
				INFOPLIST_FILE = SmartHome/Info.plist;
				IPHONEOS_DEPLOYMENT_TARGET = 14.0;
				LD_RUNPATH_SEARCH_PATHS = (
					"$(inherited)",
					"@executable_path/Frameworks",
				);
				PRODUCT_BUNDLE_IDENTIFIER = com.cisnenegro.SmartHome;
				PRODUCT_NAME = "$(TARGET_NAME)";
				SWIFT_VERSION = 5.0;
				TARGETED_DEVICE_FAMILY = "1,2";
			};
			name = Release;
		};
/* End XCBuildConfiguration section */

/* Begin XCConfigurationList section */
		61474DE52696847200E89E51 /* Build configuration list for PBXProject "SmartHome" */ = {
			isa = XCConfigurationList;
			buildConfigurations = (
				61474DF72696847500E89E51 /* Debug */,
				61474DF82696847500E89E51 /* Release */,
			);
			defaultConfigurationIsVisible = 0;
			defaultConfigurationName = Release;
		};
		61474DF92696847500E89E51 /* Build configuration list for PBXNativeTarget "SmartHome" */ = {
			isa = XCConfigurationList;
			buildConfigurations = (
				61474DFA2696847500E89E51 /* Debug */,
				61474DFB2696847500E89E51 /* Release */,
			);
			defaultConfigurationIsVisible = 0;
			defaultConfigurationName = Release;
		};
/* End XCConfigurationList section */
	};
	rootObject = 61474DE22696847200E89E51 /* Project object */;
}
